
Microsoft Visual Studio Solution File, Format Version 12.00
# Visual Studio Version 16
VisualStudioVersion = 16.0.28803.202
MinimumVisualStudioVersion = 10.0.40219.1
Project("{FAE04EC0-301F-11D3-BF4B-00C04F79EFBC}") = "SpaceEngineerScripts", "SpaceEngineerScripts\SpaceEngineerScripts.csproj", "{249BAEB9-0697-4F2E-ACC8-B3BF3F9692A0}"
EndProject
Global
	GlobalSection(SolutionConfigurationPlatforms) = preSolution
		Debug|x64 = Debug|x64
	EndGlobalSection
	GlobalSection(ProjectConfigurationPlatforms) = postSolution
		{249BAEB9-0697-4F2E-ACC8-B3BF3F9692A0}.Debug|x64.ActiveCfg = Debug|x64
		{249BAEB9-0697-4F2E-ACC8-B3BF3F9692A0}.Debug|x64.Build.0 = Debug|x64
	EndGlobalSection
	GlobalSection(SolutionProperties) = preSolution
		HideSolutionNode = FALSE
	EndGlobalSection
	GlobalSection(ExtensibilityGlobals) = postSolution
		SolutionGuid = {698EB799-9CBC-4235-803F-07BBB08C544B}
	EndGlobalSection
EndGlobal
